
Microsoft Visual Studio Solution File, Format Version 12.00
# Visual Studio Express 15 for Windows Desktop
VisualStudioVersion = 15.0.27428.2043
MinimumVisualStudioVersion = 10.0.40219.1
Project("{FAE04EC0-301F-11D3-BF4B-00C04F79EFBC}") = "CitadellesV1", "CitadellesV1\CitadellesV1.csproj", "{8D230DEA-AF76-41E9-A5CA-6F410D8FDC0D}"
EndProject
Global
	GlobalSection(SolutionConfigurationPlatforms) = preSolution
		Debug|Any CPU = Debug|Any CPU
		Release|Any CPU = Release|Any CPU
	EndGlobalSection
	GlobalSection(ProjectConfigurationPlatforms) = postSolution
		{8D230DEA-AF76-41E9-A5CA-6F410D8FDC0D}.Debug|Any CPU.ActiveCfg = Debug|Any CPU
		{8D230DEA-AF76-41E9-A5CA-6F410D8FDC0D}.Debug|Any CPU.Build.0 = Debug|Any CPU
		{8D230DEA-AF76-41E9-A5CA-6F410D8FDC0D}.Release|Any CPU.ActiveCfg = Release|Any CPU
		{8D230DEA-AF76-41E9-A5CA-6F410D8FDC0D}.Release|Any CPU.Build.0 = Release|Any CPU
	EndGlobalSection
	GlobalSection(SolutionProperties) = preSolution
		HideSolutionNode = FALSE
	EndGlobalSection
	GlobalSection(ExtensibilityGlobals) = postSolution
		SolutionGuid = {3580B8CC-AAA7-4E7F-8DEB-E2902FE48378}
	EndGlobalSection
EndGlobal
